
Microsoft Visual Studio Solution File, Format Version 12.00
# Visual Studio Version 17
VisualStudioVersion = 17.0.31903.59
MinimumVisualStudioVersion = 10.0.40219.1
Project("{2150E333-8FDC-42A3-9474-1A3956D46DE8}") = "Soap Clients", "Soap Clients", "{EEF2B65B-87AE-47D1-B881-2E97644BB8B9}"
EndProject
Project("{9A19103F-16F7-4668-BE54-9A1E7A4F7556}") = "SoapClient.NETCore", "SoapClient.NETCore\SoapClient.NETCore.csproj", "{4504C39F-9B82-4D1F-A2F7-D108E80EA0FB}"
EndProject
Project("{FAE04EC0-301F-11D3-BF4B-00C04F79EFBC}") = "SoapClient.NETFramework", "SoapClient.NETFramework\SoapClient.NETFramework.csproj", "{6FAE48BA-837E-498F-8F11-D98F058DD7AF}"
EndProject
Project("{2150E333-8FDC-42A3-9474-1A3956D46DE8}") = "Programming Model", "Programming Model", "{8EC23774-B814-4BB4-A2C0-058AFEEFC319}"
EndProject
Project("{FAE04EC0-301F-11D3-BF4B-00C04F79EFBC}") = "ProgrammingModel.Service", "ProgrammingModel.Service\ProgrammingModel.Service.csproj", "{030C8DB6-FAFA-4B1F-9A8F-A26B39DBE803}"
EndProject
Project("{9A19103F-16F7-4668-BE54-9A1E7A4F7556}") = "ProgrammingModel.Client", "ProgrammingModel.Client\ProgrammingModel.Client.csproj", "{C9A94727-62D2-4D5D-8741-64ED61E5D49D}"
EndProject
Project("{2150E333-8FDC-42A3-9474-1A3956D46DE8}") = "Util", "Util", "{33C334A6-EB33-4318-B989-84A4A4D5AF8D}"
EndProject
Project("{9A19103F-16F7-4668-BE54-9A1E7A4F7556}") = "Utilities", "Utilities\Utilities.csproj", "{81A684FE-4DEF-467A-B327-9089DC5FB4A8}"
EndProject
Project("{FAE04EC0-301F-11D3-BF4B-00C04F79EFBC}") = "IISHostedService", "IISHostedService\IISHostedService.csproj", "{5F617B70-4490-4909-8A2E-37C3A76C168A}"
EndProject
Project("{FAE04EC0-301F-11D3-BF4B-00C04F79EFBC}") = "SelfHostedService", "SelfHostedService\SelfHostedService.csproj", "{C5B2CA3E-5417-4116-B24C-3D0ABF42BA2F}"
EndProject
Project("{9A19103F-16F7-4668-BE54-9A1E7A4F7556}") = "ASPCoreClient", "ASPCoreClient\ASPCoreClient.csproj", "{E4A8B9DE-201F-4E6E-99FD-22D26C327F57}"
EndProject
Project("{FAE04EC0-301F-11D3-BF4B-00C04F79EFBC}") = "NetFrameworkClient", "NetFrameworkClient\NetFrameworkClient.csproj", "{A5ADA580-EDFA-4141-98F5-0A3089DBF7A5}"
	ProjectSection(ProjectDependencies) = postProject
		{5F617B70-4490-4909-8A2E-37C3A76C168A} = {5F617B70-4490-4909-8A2E-37C3A76C168A}
	EndProjectSection
EndProject
Global
	GlobalSection(SolutionConfigurationPlatforms) = preSolution
		Debug|Any CPU = Debug|Any CPU
		Release|Any CPU = Release|Any CPU
	EndGlobalSection
	GlobalSection(ProjectConfigurationPlatforms) = postSolution
		{4504C39F-9B82-4D1F-A2F7-D108E80EA0FB}.Debug|Any CPU.ActiveCfg = Debug|Any CPU
		{4504C39F-9B82-4D1F-A2F7-D108E80EA0FB}.Debug|Any CPU.Build.0 = Debug|Any CPU
		{4504C39F-9B82-4D1F-A2F7-D108E80EA0FB}.Release|Any CPU.ActiveCfg = Release|Any CPU
		{4504C39F-9B82-4D1F-A2F7-D108E80EA0FB}.Release|Any CPU.Build.0 = Release|Any CPU
		{6FAE48BA-837E-498F-8F11-D98F058DD7AF}.Debug|Any CPU.ActiveCfg = Debug|Any CPU
		{6FAE48BA-837E-498F-8F11-D98F058DD7AF}.Debug|Any CPU.Build.0 = Debug|Any CPU
		{6FAE48BA-837E-498F-8F11-D98F058DD7AF}.Release|Any CPU.ActiveCfg = Release|Any CPU
		{6FAE48BA-837E-498F-8F11-D98F058DD7AF}.Release|Any CPU.Build.0 = Release|Any CPU
		{030C8DB6-FAFA-4B1F-9A8F-A26B39DBE803}.Debug|Any CPU.ActiveCfg = Debug|Any CPU
		{030C8DB6-FAFA-4B1F-9A8F-A26B39DBE803}.Debug|Any CPU.Build.0 = Debug|Any CPU
		{030C8DB6-FAFA-4B1F-9A8F-A26B39DBE803}.Release|Any CPU.ActiveCfg = Release|Any CPU
		{030C8DB6-FAFA-4B1F-9A8F-A26B39DBE803}.Release|Any CPU.Build.0 = Release|Any CPU
		{C9A94727-62D2-4D5D-8741-64ED61E5D49D}.Debug|Any CPU.ActiveCfg = Debug|Any CPU
		{C9A94727-62D2-4D5D-8741-64ED61E5D49D}.Debug|Any CPU.Build.0 = Debug|Any CPU
		{C9A94727-62D2-4D5D-8741-64ED61E5D49D}.Release|Any CPU.ActiveCfg = Release|Any CPU
		{C9A94727-62D2-4D5D-8741-64ED61E5D49D}.Release|Any CPU.Build.0 = Release|Any CPU
		{81A684FE-4DEF-467A-B327-9089DC5FB4A8}.Debug|Any CPU.ActiveCfg = Debug|Any CPU
		{81A684FE-4DEF-467A-B327-9089DC5FB4A8}.Debug|Any CPU.Build.0 = Debug|Any CPU
		{81A684FE-4DEF-467A-B327-9089DC5FB4A8}.Release|Any CPU.ActiveCfg = Release|Any CPU
		{81A684FE-4DEF-467A-B327-9089DC5FB4A8}.Release|Any CPU.Build.0 = Release|Any CPU
		{5F617B70-4490-4909-8A2E-37C3A76C168A}.Debug|Any CPU.ActiveCfg = Debug|Any CPU
		{5F617B70-4490-4909-8A2E-37C3A76C168A}.Debug|Any CPU.Build.0 = Debug|Any CPU
		{5F617B70-4490-4909-8A2E-37C3A76C168A}.Release|Any CPU.ActiveCfg = Release|Any CPU
		{5F617B70-4490-4909-8A2E-37C3A76C168A}.Release|Any CPU.Build.0 = Release|Any CPU
		{C5B2CA3E-5417-4116-B24C-3D0ABF42BA2F}.Debug|Any CPU.ActiveCfg = Debug|Any CPU
		{C5B2CA3E-5417-4116-B24C-3D0ABF42BA2F}.Debug|Any CPU.Build.0 = Debug|Any CPU
		{C5B2CA3E-5417-4116-B24C-3D0ABF42BA2F}.Release|Any CPU.ActiveCfg = Release|Any CPU
		{C5B2CA3E-5417-4116-B24C-3D0ABF42BA2F}.Release|Any CPU.Build.0 = Release|Any CPU
		{E4A8B9DE-201F-4E6E-99FD-22D26C327F57}.Debug|Any CPU.ActiveCfg = Debug|Any CPU
		{E4A8B9DE-201F-4E6E-99FD-22D26C327F57}.Debug|Any CPU.Build.0 = Debug|Any CPU
		{E4A8B9DE-201F-4E6E-99FD-22D26C327F57}.Release|Any CPU.ActiveCfg = Release|Any CPU
		{E4A8B9DE-201F-4E6E-99FD-22D26C327F57}.Release|Any CPU.Build.0 = Release|Any CPU
		{A5ADA580-EDFA-4141-98F5-0A3089DBF7A5}.Debug|Any CPU.ActiveCfg = Debug|Any CPU
		{A5ADA580-EDFA-4141-98F5-0A3089DBF7A5}.Debug|Any CPU.Build.0 = Debug|Any CPU
		{A5ADA580-EDFA-4141-98F5-0A3089DBF7A5}.Release|Any CPU.ActiveCfg = Release|Any CPU
		{A5ADA580-EDFA-4141-98F5-0A3089DBF7A5}.Release|Any CPU.Build.0 = Release|Any CPU
	EndGlobalSection
	GlobalSection(SolutionProperties) = preSolution
		HideSolutionNode = FALSE
	EndGlobalSection
	GlobalSection(NestedProjects) = preSolution
		{4504C39F-9B82-4D1F-A2F7-D108E80EA0FB} = {EEF2B65B-87AE-47D1-B881-2E97644BB8B9}
		{6FAE48BA-837E-498F-8F11-D98F058DD7AF} = {EEF2B65B-87AE-47D1-B881-2E97644BB8B9}
		{030C8DB6-FAFA-4B1F-9A8F-A26B39DBE803} = {8EC23774-B814-4BB4-A2C0-058AFEEFC319}
		{C9A94727-62D2-4D5D-8741-64ED61E5D49D} = {8EC23774-B814-4BB4-A2C0-058AFEEFC319}
		{81A684FE-4DEF-467A-B327-9089DC5FB4A8} = {33C334A6-EB33-4318-B989-84A4A4D5AF8D}
	EndGlobalSection
	GlobalSection(ExtensibilityGlobals) = postSolution
		SolutionGuid = {D4021D4B-F9B9-4397-9C0A-2E00A1D815C3}
	EndGlobalSection
EndGlobal
